<Solution>
  <Folder Name="/Solution Items/">
    <File Path="README.md" />
    <File Path=".gitignore" />
    <File Path=".gitattributes" />
  </Folder>
  <Folder Name="/source/">
    <File Path="files.txt" />
  </Folder>
  <Folder Name="/source/src/">
    <File Path="Lists.dno" />
  </Folder>
</Solution>
  
  